# This file is automatically @generated by Poetry 1.6.1 and should not be changed by hand.

[[package]]
name = "colorama"
version = "0.4.6"
description = "Cross-platform colored terminal text."
optional = false
python-versions = "!=3.0.*,!=3.1.*,!=3.2.*,!=3.3.*,!=3.4.*,!=3.5.*,!=3.6.*,>=2.7"
files = [
    {file = "colorama-0.4.6-py2.py3-none-any.whl", hash = "sha256:4f1d9991f5acc0ca119f9d443620b77f9d6b33703e51011c16baf57afb285fc6"},
    {file = "colorama-0.4.6.tar.gz", hash = "sha256:08695f5cb7ed6e0531a20572697297273c47b8cae5a63ffc6d6ed5c201be6e44"},
]

[[package]]
name = "iniconfig"
version = "2.0.0"
description = "brain-dead simple config-ini parsing"
optional = false
python-versions = ">=3.7"
files = [
    {file = "iniconfig-2.0.0-py3-none-any.whl", hash = "sha256:b6a85871a79d2e3b22d2d1b94ac2824226a63c6b741c88f7ae975f18b6778374"},
    {file = "iniconfig-2.0.0.tar.gz", hash = "sha256:2d91e135bf72d31a410b17c16da610a82cb55f6b0477d1a902134b24a455b8b3"},
]

[[package]]
name = "ormsgpack"
version = "1.4.2"
description = "Fast, correct Python msgpack library supporting dataclasses, datetimes, and numpy"
optional = false
python-versions = ">=3.8"
files = [
    {file = "ormsgpack-1.4.2-cp310-cp310-macosx_10_12_x86_64.macosx_11_0_arm64.macosx_10_12_universal2.whl", hash = "sha256:c0aaff163778c3d562b9edc4f72159964eb00c1345a593700f1fc6a39dd5339d"},
    {file = "ormsgpack-1.4.2-cp310-cp310-macosx_10_12_x86_64.whl", hash = "sha256:3154238c6162b3d683e5f0113722c1573611f05f8188bf060165b46be3a0c28f"},
    {file = "ormsgpack-1.4.2-cp310-cp310-manylinux_2_17_aarch64.manylinux2014_aarch64.whl", hash = "sha256:b9888b1299f6a8f87ba7a42d85b5a531a0c791472b6649749acec6e280cc6540"},
    {file = "ormsgpack-1.4.2-cp310-cp310-manylinux_2_17_armv7l.manylinux2014_armv7l.whl", hash = "sha256:57381f8d002a06edba393813bfd85661a503993035e99efa16414b91e6f276f1"},
    {file = "ormsgpack-1.4.2-cp310-cp310-manylinux_2_17_x86_64.manylinux2014_x86_64.whl", hash = "sha256:79b3109e6a28be51b7eeb9da758be7964fd1e27c95374949d3c649e6c0c4ff57"},
    {file = "ormsgpack-1.4.2-cp310-none-win_amd64.whl", hash = "sha256:5f8067754fe3a9dbca3c55e989aab3fc486bf4fe8dd24e0e51cd85809dc43ed3"},
    {file = "ormsgpack-1.4.2-cp311-cp311-macosx_10_12_x86_64.macosx_11_0_arm64.macosx_10_12_universal2.whl", hash = "sha256:8e4a52b4515239eaeba334e243c4c250265118531ad9bfe3d8dc4121563369dc"},
    {file = "ormsgpack-1.4.2-cp311-cp311-macosx_10_12_x86_64.whl", hash = "sha256:29aa2fb933f4e75adfbf103d73281524ab29484df12fb17d35d9a7c0aee66aa7"},
    {file = "ormsgpack-1.4.2-cp311-cp311-manylinux_2_17_aarch64.manylinux2014_aarch64.whl", hash = "sha256:3e5517026181098378cd0f1b493693fb8848ec434501a51a5c5f57924dbbf23b"},
    {file = "ormsgpack-1.4.2-cp311-cp311-manylinux_2_17_armv7l.manylinux2014_armv7l.whl", hash = "sha256:e7046cdbedd01187c6cf759a543efafed9c99e3c770539c02b0b33b328928033"},
    {file = "ormsgpack-1.4.2-cp311-cp311-manylinux_2_17_x86_64.manylinux2014_x86_64.whl", hash = "sha256:31567d84a6b21c1bce15978f93d79d53e81eaa7391ea28f74ab4039010cedc39"},
    {file = "ormsgpack-1.4.2-cp311-none-win_amd64.whl", hash = "sha256:cc722b4a1ac68007fe624e2d36eb8ce4b58f6de51313f28286c17ac61bc07b87"},
    {file = "ormsgpack-1.4.2-cp312-cp312-macosx_10_12_x86_64.macosx_11_0_arm64.macosx_10_12_universal2.whl", hash = "sha256:336884585808aae57db2551a453d68afd7096ee3d3c97e717eac42a28a7875d8"},
    {file = "ormsgpack-1.4.2-cp312-cp312-macosx_10_12_x86_64.whl", hash = "sha256:a73258608c14b28949247dc444734495570d2d0b0c21d879a0a0cc85987b4302"},
    {file = "ormsgpack-1.4.2-cp312-cp312-manylinux_2_17_aarch64.manylinux2014_aarch64.whl", hash = "sha256:c9ec97c8761779779fc3ac9c49aef80bcd2ef0bd660c543342d2396e492083df"},
    {file = "ormsgpack-1.4.2-cp312-cp312-manylinux_2_17_armv7l.manylinux2014_armv7l.whl", hash = "sha256:90e23a13543e16264dc19a1a474c7b78ca8e9af03cbb63d5b4b54473a2cd8c30"},
    {file = "ormsgpack-1.4.2-cp312-cp312-manylinux_2_17_x86_64.manylinux2014_x86_64.whl", hash = "sha256:503ecfa755ff5cc230baca42371daafcb697741ba068404ba03766b16257f17f"},
    {file = "ormsgpack-1.4.2-cp312-none-win_amd64.whl", hash = "sha256:a0aa0ee55c8032715abc57e6e5366dcaa95e9809559e65cdff4e6d39862c27f8"},
    {file = "ormsgpack-1.4.2-cp38-cp38-macosx_10_12_x86_64.macosx_11_0_arm64.macosx_10_12_universal2.whl", hash = "sha256:c1c15f0cda3ef77b395b61d95a4f724fe0deadbee038c46dec6c8e36b61486c6"},
    {file = "ormsgpack-1.4.2-cp38-cp38-macosx_10_12_x86_64.whl", hash = "sha256:5f4099a1775d7438cb531be3d73352ba876dbe31afd2fd6d0359e6b54ca4cf54"},
    {file = "ormsgpack-1.4.2-cp38-cp38-manylinux_2_17_aarch64.manylinux2014_aarch64.whl", hash = "sha256:af9b6bec376262b7ea93e575be0825a442f2111af0298380379bf63615a4c4ac"},
    {file = "ormsgpack-1.4.2-cp38-cp38-manylinux_2_17_armv7l.manylinux2014_armv7l.whl", hash = "sha256:511af1a30bca68ce953e6c78da530c5cc9d1d73db9bb1a10fcf7ed7c4eea0f1e"},
    {file = "ormsgpack-1.4.2-cp38-cp38-manylinux_2_17_x86_64.manylinux2014_x86_64.whl", hash = "sha256:9a74e282cfc9a63cf4be63f668ebd0fe09ddb7c90876538070e3e64d1269a57b"},
    {file = "ormsgpack-1.4.2-cp38-none-win_amd64.whl", hash = "sha256:f1e1606f61ca7e77abde7d0ec75a0234a19dc02906efff8f6f0c1090ecb9ae6a"},
    {file = "ormsgpack-1.4.2-cp39-cp39-macosx_10_12_x86_64.macosx_11_0_arm64.macosx_10_12_universal2.whl", hash = "sha256:68294db1bb7dcaae359fa4ad69181d58e231409406baa5a1bb117213fa30561f"},
    {file = "ormsgpack-1.4.2-cp39-cp39-macosx_10_12_x86_64.whl", hash = "sha256:b397945b2214a8598b8ea1b97e79dbf330e2c2384be97ebcdbf60809cfe4f665"},
    {file = "ormsgpack-1.4.2-cp39-cp39-manylinux_2_17_aarch64.manylinux2014_aarch64.whl", hash = "sha256:661dba49253021e292d6e186ec38a17a83ea0d1e1007a5cf7173989defaacfa5"},
    {file = "ormsgpack-1.4.2-cp39-cp39-manylinux_2_17_armv7l.manylinux2014_armv7l.whl", hash = "sha256:ef42851595a9333a134a7c7ed1e37b3a4a8403eaad74e97362272859c018f2e4"},
    {file = "ormsgpack-1.4.2-cp39-cp39-manylinux_2_17_x86_64.manylinux2014_x86_64.whl", hash = "sha256:9620ba3d9c9fb7aa5a53703775f5c4f383647faaea41dc5a4ef039bcc61a8df3"},
    {file = "ormsgpack-1.4.2-cp39-none-win_amd64.whl", hash = "sha256:f26510a4359d2316f6f87f946fe32c5b32e045e3a8e744f71e7638fdfce2f536"},
    {file = "ormsgpack-1.4.2.tar.gz", hash = "sha256:b0feb4b80b871df04bb5db79ff2ea1bee8a5483e70676387449631d778ad9b18"},
]

[[package]]
name = "packaging"
version = "23.2"
description = "Core utilities for Python packages"
optional = false
python-versions = ">=3.7"
files = [
    {file = "packaging-23.2-py3-none-any.whl", hash = "sha256:8c491190033a9af7e1d931d0b5dacc2ef47509b34dd0de67ed209b5203fc88c7"},
    {file = "packaging-23.2.tar.gz", hash = "sha256:048fb0e9405036518eaaf48a55953c750c11e1a1b68e0dd1a9d62ed0c092cfc5"},
]

[[package]]
name = "pluggy"
version = "1.4.0"
description = "plugin and hook calling mechanisms for python"
optional = false
python-versions = ">=3.8"
files = [
    {file = "pluggy-1.4.0-py3-none-any.whl", hash = "sha256:7db9f7b503d67d1c5b95f59773ebb58a8c1c288129a88665838012cfb07b8981"},
    {file = "pluggy-1.4.0.tar.gz", hash = "sha256:8c85c2876142a764e5b7548e7d9a0e0ddb46f5185161049a79b7e974454223be"},
]

[package.extras]
dev = ["pre-commit", "tox"]
testing = ["pytest", "pytest-benchmark"]

[[package]]
name = "pytest"
version = "8.0.1"
description = "pytest: simple powerful testing with Python"
optional = false
python-versions = ">=3.8"
files = [
    {file = "pytest-8.0.1-py3-none-any.whl", hash = "sha256:3e4f16fe1c0a9dc9d9389161c127c3edc5d810c38d6793042fb81d9f48a59fca"},
    {file = "pytest-8.0.1.tar.gz", hash = "sha256:267f6563751877d772019b13aacbe4e860d73fe8f651f28112e9ac37de7513ae"},
]

[package.dependencies]
colorama = {version = "*", markers = "sys_platform == \"win32\""}
iniconfig = "*"
packaging = "*"
pluggy = ">=1.3.0,<2.0"

[package.extras]
testing = ["argcomplete", "attrs (>=19.2.0)", "hypothesis (>=3.56)", "mock", "nose", "pygments (>=2.7.2)", "requests", "setuptools", "xmlschema"]

[metadata]
lock-version = "2.0"
python-versions = "^3.11"
content-hash = "2906b0ec0526177ab6b26bcd2841ba428f1a754639d896e9afebb07158b7366d"
